
Microsoft Visual Studio Solution File, Format Version 12.00
# Visual Studio Version 16
VisualStudioVersion = 16.0.30503.244
MinimumVisualStudioVersion = 10.0.40219.1
Project("{FAE04EC0-301F-11D3-BF4B-00C04F79EFBC}") = "DataGridView", "DataGridView\DataGridView.csproj", "{B818F1B2-015E-4B18-AA17-6333F49F3EA5}"
EndProject
Project("{FAE04EC0-301F-11D3-BF4B-00C04F79EFBC}") = "Panel_FlowPanel", "Panel_FlowPanel\Panel_FlowPanel.csproj", "{2848572B-E921-438B-90BF-06E1C8A1DC46}"
EndProject
Project("{FAE04EC0-301F-11D3-BF4B-00C04F79EFBC}") = "PassingDataUserControl", "PassingDataUserControl\PassingDataUserControl.csproj", "{F4047233-FE1F-4E91-B482-2ADFB5B4AEA6}"
EndProject
Global
	GlobalSection(SolutionConfigurationPlatforms) = preSolution
		Debug|Any CPU = Debug|Any CPU
		Release|Any CPU = Release|Any CPU
	EndGlobalSection
	GlobalSection(ProjectConfigurationPlatforms) = postSolution
		{B818F1B2-015E-4B18-AA17-6333F49F3EA5}.Debug|Any CPU.ActiveCfg = Debug|Any CPU
		{B818F1B2-015E-4B18-AA17-6333F49F3EA5}.Debug|Any CPU.Build.0 = Debug|Any CPU
		{B818F1B2-015E-4B18-AA17-6333F49F3EA5}.Release|Any CPU.ActiveCfg = Release|Any CPU
		{B818F1B2-015E-4B18-AA17-6333F49F3EA5}.Release|Any CPU.Build.0 = Release|Any CPU
		{2848572B-E921-438B-90BF-06E1C8A1DC46}.Debug|Any CPU.ActiveCfg = Debug|Any CPU
		{2848572B-E921-438B-90BF-06E1C8A1DC46}.Debug|Any CPU.Build.0 = Debug|Any CPU
		{2848572B-E921-438B-90BF-06E1C8A1DC46}.Release|Any CPU.ActiveCfg = Release|Any CPU
		{2848572B-E921-438B-90BF-06E1C8A1DC46}.Release|Any CPU.Build.0 = Release|Any CPU
		{F4047233-FE1F-4E91-B482-2ADFB5B4AEA6}.Debug|Any CPU.ActiveCfg = Debug|Any CPU
		{F4047233-FE1F-4E91-B482-2ADFB5B4AEA6}.Debug|Any CPU.Build.0 = Debug|Any CPU
		{F4047233-FE1F-4E91-B482-2ADFB5B4AEA6}.Release|Any CPU.ActiveCfg = Release|Any CPU
		{F4047233-FE1F-4E91-B482-2ADFB5B4AEA6}.Release|Any CPU.Build.0 = Release|Any CPU
	EndGlobalSection
	GlobalSection(SolutionProperties) = preSolution
		HideSolutionNode = FALSE
	EndGlobalSection
	GlobalSection(ExtensibilityGlobals) = postSolution
		SolutionGuid = {4B3104FE-CF2F-492F-8800-DCF89F5676AA}
	EndGlobalSection
EndGlobal
